
Microsoft Visual Studio Solution File, Format Version 12.00
# Visual Studio Version 16
VisualStudioVersion = 16.0.29519.181
MinimumVisualStudioVersion = 10.0.40219.1
Project("{FAE04EC0-301F-11D3-BF4B-00C04F79EFBC}") = "MarketKasaOtomasyon", "MarketKasaOtomasyon\MarketKasaOtomasyon.csproj", "{ADE43D08-758C-47EE-94E3-FDD729BCCDC1}"
EndProject
Global
	GlobalSection(SolutionConfigurationPlatforms) = preSolution
		Debug|Any CPU = Debug|Any CPU
		Release|Any CPU = Release|Any CPU
	EndGlobalSection
	GlobalSection(ProjectConfigurationPlatforms) = postSolution
		{ADE43D08-758C-47EE-94E3-FDD729BCCDC1}.Debug|Any CPU.ActiveCfg = Debug|Any CPU
		{ADE43D08-758C-47EE-94E3-FDD729BCCDC1}.Debug|Any CPU.Build.0 = Debug|Any CPU
		{ADE43D08-758C-47EE-94E3-FDD729BCCDC1}.Release|Any CPU.ActiveCfg = Release|Any CPU
		{ADE43D08-758C-47EE-94E3-FDD729BCCDC1}.Release|Any CPU.Build.0 = Release|Any CPU
	EndGlobalSection
	GlobalSection(SolutionProperties) = preSolution
		HideSolutionNode = FALSE
	EndGlobalSection
	GlobalSection(ExtensibilityGlobals) = postSolution
		SolutionGuid = {F67AB1C5-6085-486A-A1B9-A4A2A1C011D6}
	EndGlobalSection
EndGlobal
